# THIS IS AN AUTOGENERATED FILE. DO NOT EDIT THIS FILE DIRECTLY.
# yarn lockfile v1


"@gratico/atom@^0.1.2":
  version "0.1.2"
  resolved "https://registry.npmjs.org/@gratico/atom/-/atom-0.1.2.tgz#30f37542bafb1727824bd0ba66e2969f2b8dd9f4"
  integrity sha512-WUuS6nslvfCsA3/xYehATbfiX32ofT9ppanpCEwBxWBBoKwbRNt/TMnW8FLGT63gPbH94HOt9ToRtrjzYLnHag==

"@gratico/checksum@*":
  version "0.777.9"
  resolved "https://registry.npmjs.org/@gratico/checksum/-/checksum-0.777.9.tgz#1097b489fbb591652abcf55878b823e670653414"
  integrity sha512-l9i1hBeDfDkeu+OYxpmrZGZy/OdJVMmGmiupuEsplBYjsIYm4S7rgdbDAOouE80soummBXOcTopc7oj45ypMvQ==
  dependencies:
    pure-md5 "0.1.13"

"@gratico/qbase@^0.8.3":
  version "0.8.3"
  resolved "https://registry.npmjs.org/@gratico/qbase/-/qbase-0.8.3.tgz#72baabae6689a79d5ce29b6b999f0df474b434e0"
  integrity sha512-W7Ituv743ykDro1c+DtMmXJDzOBkL8cEyup/yOOYc1sQHW+gq1HyqqNtKtvTJqrvrR2QuG0et/s8WzCqy3SzDg==
  dependencies:
    "@gratico/atom" "^0.1.2"
    "@gratico/checksum" "*"
    shortid "^2.2.15"
    sift "^13.1.10"

"@oss-stealth/utils@*":
  version "0.5.3"
  resolved "https://registry.npmjs.org/@oss-stealth/utils/-/utils-0.5.3.tgz#b8c6bd5075a9b22e50069e73d576289d3e3a1e93"
  integrity sha512-CQKhmc7qSeXuWx2LaHFAY8OPD4i4hoJsT5IDlnBB6fSxGsOm8hKXrl+I7Tstq+ygk4wXLGDqIremCThNHh3LHw==
  dependencies:
    cross-fetch "^3.0.5"
    url-join "^4.0.1"

"@types/node@^14.0.11":
  version "14.14.10"
  resolved "https://registry.npmjs.org/@types/node/-/node-14.14.10.tgz#5958a82e41863cfc71f2307b3748e3491ba03785"
  integrity sha512-J32dgx2hw8vXrSbu4ZlVhn1Nm3GbeCFNw2FWL8S5QKucHGY0cyNwjdQdO+KMBZ4wpmC7KhLCiNsdk1RFRIYUQQ==

"@types/pify@^3.0.2":
  version "3.0.2"
  resolved "https://registry.npmjs.org/@types/pify/-/pify-3.0.2.tgz#1bc75dac43e31dba981c37e0a08edddc1b49cd39"
  integrity sha512-a5AKF1/9pCU3HGMkesgY6LsBdXHUY3WU+I2qgpU0J+I8XuJA1aFr59eS84/HP0+dxsyBSNbt+4yGI2adUpHwSg==

cross-fetch@^3.0.5:
  version "3.0.6"
  resolved "https://registry.npmjs.org/cross-fetch/-/cross-fetch-3.0.6.tgz#3a4040bc8941e653e0e9cf17f29ebcd177d3365c"
  integrity sha512-KBPUbqgFjzWlVcURG+Svp9TlhA5uliYtiNx/0r8nv0pdypeQCRJ9IaSIc3q/x3q8t3F75cHuwxVql1HFGHCNJQ==
  dependencies:
    node-fetch "2.6.1"

graphql@^15.4.0:
  version "15.4.0"
  resolved "https://registry.npmjs.org/graphql/-/graphql-15.4.0.tgz#e459dea1150da5a106486ba7276518b5295a4347"
  integrity sha512-EB3zgGchcabbsU9cFe1j+yxdzKQKAbGUWRb13DsrsMN1yyfmmIq+2+L5MqVWcDCE4V89R5AyUOi7sMOGxdsYtA==

nanoid@^2.1.0:
  version "2.1.11"
  resolved "https://registry.npmjs.org/nanoid/-/nanoid-2.1.11.tgz#ec24b8a758d591561531b4176a01e3ab4f0f0280"
  integrity sha512-s/snB+WGm6uwi0WjsZdaVcuf3KJXlfGl2LcxgwkEwJF0D/BWzVWAZW/XY4bFaiR7s0Jk3FPvlnepg1H1b1UwlA==

node-fetch@2.6.1:
  version "2.6.1"
  resolved "https://registry.npmjs.org/node-fetch/-/node-fetch-2.6.1.tgz#045bd323631f76ed2e2b55573394416b639a0052"
  integrity sha512-V4aYg89jEoVRxRb2fJdAg8FHvI7cEyYdVAh94HH0UIK8oJxUfkjlDQN9RbMx+bEjP7+ggMiFRprSti032Oipxw==

npm-logical-tree@^1.2.1:
  version "1.2.1"
  resolved "https://registry.npmjs.org/npm-logical-tree/-/npm-logical-tree-1.2.1.tgz#44610141ca24664cad35d1e607176193fd8f5b88"
  integrity sha512-AJI/qxDB2PWI4LG1CYN579AY1vCiNyWfkiquCsJWqntRu/WwimVrC8yXeILBFHDwxfOejxewlmnvW9XXjMlYIg==

pify@^5.0.0:
  version "5.0.0"
  resolved "https://registry.npmjs.org/pify/-/pify-5.0.0.tgz#1f5eca3f5e87ebec28cc6d54a0e4aaf00acc127f"
  integrity sha512-eW/gHNMlxdSP6dmG6uJip6FXN0EQBwm2clYYd8Wul42Cwu/DK8HEftzsapcNdYe2MfLiIwZqsDk2RDEsTE79hA==

pure-md5@0.1.13:
  version "0.1.13"
  resolved "https://registry.npmjs.org/pure-md5/-/pure-md5-0.1.13.tgz#d55c1cd80dd1e634d5092c4245658694a79a9fe2"
  integrity sha512-9O3tvDHGdKtoGdzI4OFr7FBfR1X9Gp/D0CXu8lRjlV9bf2YiB/w6FR+3ndOmEFlfdU9pHPvqJPPaDvqMXykEZA==

shortid@^2.2.15:
  version "2.2.16"
  resolved "https://registry.npmjs.org/shortid/-/shortid-2.2.16.tgz#b742b8f0cb96406fd391c76bfc18a67a57fe5608"
  integrity sha512-Ugt+GIZqvGXCIItnsL+lvFJOiN7RYqlGy7QE41O3YC1xbNSeDGIRO7xg2JJXIAj1cAGnOeC1r7/T9pgrtQbv4g==
  dependencies:
    nanoid "^2.1.0"

sift@^13.1.10:
  version "13.4.0"
  resolved "https://registry.npmjs.org/sift/-/sift-13.4.0.tgz#859741aa76421dadc6cf07c0634088cbb120d0d3"
  integrity sha512-sJAs3ujQjx6QVzWPKmqK1LhTAnpEiP2Q7zJi4VSmRYGAuz9SmlyAzo8w4jJQrrGXJb/QNUd0iJvD17dRezzfAA==

typescript@^4.1.2:
  version "4.1.2"
  resolved "https://registry.npmjs.org/typescript/-/typescript-4.1.2.tgz#6369ef22516fe5e10304aae5a5c4862db55380e9"
  integrity sha512-thGloWsGH3SOxv1SoY7QojKi0tc+8FnOmiarEGMbd/lar7QOEd3hvlx3Fp5y6FlDUGl9L+pd4n2e+oToGMmhRQ==

url-join@^4.0.1:
  version "4.0.1"
  resolved "https://registry.npmjs.org/url-join/-/url-join-4.0.1.tgz#b642e21a2646808ffa178c4c5fda39844e12cde7"
  integrity sha512-jk1+QP6ZJqyOiuEI9AEWQfju/nB2Pw466kbA0LEZljHwKeMgd9WrAEgEGxjPDD2+TNbbb37rTyhEfrCXfuKXnA==
